// !$*UTF8*$!
{
	archiveVersion = 1;
	classes = {
	};
	objectVersion = 51;
	objects = {

/* Begin PBXBuildFile section */
		6AD905EA50E80A309504A35B /* Pods_PersonalityTestTests.framework in Frameworks */ = {isa = PBXBuildFile; fileRef = B58987F3C7E57C3997D5C9AA /* Pods_PersonalityTestTests.framework */; };
		6C6E9C1723786DB80005FB9D /* AppDelegate.swift in Sources */ = {isa = PBXBuildFile; fileRef = 6C6E9C1623786DB80005FB9D /* AppDelegate.swift */; };
		6C6E9C1B23786DB80005FB9D /* ViewController.swift in Sources */ = {isa = PBXBuildFile; fileRef = 6C6E9C1A23786DB80005FB9D /* ViewController.swift */; };
		6C6E9C1E23786DB80005FB9D /* Main.storyboard in Resources */ = {isa = PBXBuildFile; fileRef = 6C6E9C1C23786DB80005FB9D /* Main.storyboard */; };
		6C6E9C2023786DBB0005FB9D /* Assets.xcassets in Resources */ = {isa = PBXBuildFile; fileRef = 6C6E9C1F23786DBB0005FB9D /* Assets.xcassets */; };
		6C6E9C2323786DBB0005FB9D /* LaunchScreen.storyboard in Resources */ = {isa = PBXBuildFile; fileRef = 6C6E9C2123786DBB0005FB9D /* LaunchScreen.storyboard */; };
		6C6E9C2E23786DBB0005FB9D /* PersonalityTestTests.swift in Sources */ = {isa = PBXBuildFile; fileRef = 6C6E9C2D23786DBB0005FB9D /* PersonalityTestTests.swift */; };
		6C6E9C3923786E4A0005FB9D /* questions.json in Resources */ = {isa = PBXBuildFile; fileRef = 6C6E9C3823786E4A0005FB9D /* questions.json */; };
		6C6E9C4023786FEB0005FB9D /* CategoriesResponse.swift in Sources */ = {isa = PBXBuildFile; fileRef = 6C6E9C3F23786FEB0005FB9D /* CategoriesResponse.swift */; };
		6C6E9C45237870780005FB9D /* BundleExtension.swift in Sources */ = {isa = PBXBuildFile; fileRef = 6C6E9C44237870780005FB9D /* BundleExtension.swift */; };
		6C6E9C47237873030005FB9D /* QuestionsRepo.swift in Sources */ = {isa = PBXBuildFile; fileRef = 6C6E9C46237873030005FB9D /* QuestionsRepo.swift */; };
		6C6E9C4A2378752F0005FB9D /* QuestionsViewController.swift in Sources */ = {isa = PBXBuildFile; fileRef = 6C6E9C482378752F0005FB9D /* QuestionsViewController.swift */; };
		6C6E9C4B2378752F0005FB9D /* QuestionsViewController.xib in Resources */ = {isa = PBXBuildFile; fileRef = 6C6E9C492378752F0005FB9D /* QuestionsViewController.xib */; };
		6C6E9C4E2378779D0005FB9D /* Logger.swift in Sources */ = {isa = PBXBuildFile; fileRef = 6C6E9C4D2378779D0005FB9D /* Logger.swift */; };
		6C6E9C50237877C10005FB9D /* TableViewExtension.swift in Sources */ = {isa = PBXBuildFile; fileRef = 6C6E9C4F237877C10005FB9D /* TableViewExtension.swift */; };
		6C6E9C552378784A0005FB9D /* CategoriesViewController.swift in Sources */ = {isa = PBXBuildFile; fileRef = 6C6E9C532378784A0005FB9D /* CategoriesViewController.swift */; };
		6C6E9C562378784A0005FB9D /* CategoriesViewController.xib in Resources */ = {isa = PBXBuildFile; fileRef = 6C6E9C542378784A0005FB9D /* CategoriesViewController.xib */; };
		6C6E9C58237878C10005FB9D /* CategoriesViewModel.swift in Sources */ = {isa = PBXBuildFile; fileRef = 6C6E9C57237878C10005FB9D /* CategoriesViewModel.swift */; };
		6C6E9C5B23787B430005FB9D /* Destination.swift in Sources */ = {isa = PBXBuildFile; fileRef = 6C6E9C5A23787B430005FB9D /* Destination.swift */; };
		6C6E9C5D23787B660005FB9D /* Navigator.swift in Sources */ = {isa = PBXBuildFile; fileRef = 6C6E9C5C23787B660005FB9D /* Navigator.swift */; };
		6C6E9C6023787FB20005FB9D /* CategoryTableCell.swift in Sources */ = {isa = PBXBuildFile; fileRef = 6C6E9C5E23787FB20005FB9D /* CategoryTableCell.swift */; };
		6C6E9C6123787FB20005FB9D /* CategoryTableCell.xib in Resources */ = {isa = PBXBuildFile; fileRef = 6C6E9C5F23787FB20005FB9D /* CategoryTableCell.xib */; };
		6C6E9C63237880350005FB9D /* Loadable.swift in Sources */ = {isa = PBXBuildFile; fileRef = 6C6E9C62237880350005FB9D /* Loadable.swift */; };
		6C6E9C652378823A0005FB9D /* Destination+Questions.swift in Sources */ = {isa = PBXBuildFile; fileRef = 6C6E9C642378823A0005FB9D /* Destination+Questions.swift */; };
		6C6E9C672378824C0005FB9D /* Destination+Categories.swift in Sources */ = {isa = PBXBuildFile; fileRef = 6C6E9C662378824C0005FB9D /* Destination+Categories.swift */; };
		E4160C0A10407E5642FA5674 /* Pods_PersonalityTest.framework in Frameworks */ = {isa = PBXBuildFile; fileRef = 4732E5E9BFA7B5856E6AFD66 /* Pods_PersonalityTest.framework */; };
/* End PBXBuildFile section */

/* Begin PBXContainerItemProxy section */
		6C6E9C2A23786DBB0005FB9D /* PBXContainerItemProxy */ = {
			isa = PBXContainerItemProxy;
			containerPortal = 6C6E9C0B23786DB80005FB9D /* Project object */;
			proxyType = 1;
			remoteGlobalIDString = 6C6E9C1223786DB80005FB9D;
			remoteInfo = PersonalityTest;
		};
/* End PBXContainerItemProxy section */

/* Begin PBXFileReference section */
		2DE8E7626C6CBD8B12FE265B /* Pods-PersonalityTest.release.xcconfig */ = {isa = PBXFileReference; includeInIndex = 1; lastKnownFileType = text.xcconfig; name = "Pods-PersonalityTest.release.xcconfig"; path = "Target Support Files/Pods-PersonalityTest/Pods-PersonalityTest.release.xcconfig"; sourceTree = "<group>"; };
		4732E5E9BFA7B5856E6AFD66 /* Pods_PersonalityTest.framework */ = {isa = PBXFileReference; explicitFileType = wrapper.framework; includeInIndex = 0; path = Pods_PersonalityTest.framework; sourceTree = BUILT_PRODUCTS_DIR; };
		6C6E9C1323786DB80005FB9D /* PersonalityTest.app */ = {isa = PBXFileReference; explicitFileType = wrapper.application; includeInIndex = 0; path = PersonalityTest.app; sourceTree = BUILT_PRODUCTS_DIR; };
		6C6E9C1623786DB80005FB9D /* AppDelegate.swift */ = {isa = PBXFileReference; lastKnownFileType = sourcecode.swift; path = AppDelegate.swift; sourceTree = "<group>"; };
		6C6E9C1A23786DB80005FB9D /* ViewController.swift */ = {isa = PBXFileReference; lastKnownFileType = sourcecode.swift; path = ViewController.swift; sourceTree = "<group>"; };
		6C6E9C1D23786DB80005FB9D /* Base */ = {isa = PBXFileReference; lastKnownFileType = file.storyboard; name = Base; path = Base.lproj/Main.storyboard; sourceTree = "<group>"; };
		6C6E9C1F23786DBB0005FB9D /* Assets.xcassets */ = {isa = PBXFileReference; lastKnownFileType = folder.assetcatalog; path = Assets.xcassets; sourceTree = "<group>"; };
		6C6E9C2223786DBB0005FB9D /* Base */ = {isa = PBXFileReference; lastKnownFileType = file.storyboard; name = Base; path = Base.lproj/LaunchScreen.storyboard; sourceTree = "<group>"; };
		6C6E9C2423786DBB0005FB9D /* Info.plist */ = {isa = PBXFileReference; lastKnownFileType = text.plist.xml; path = Info.plist; sourceTree = "<group>"; };
		6C6E9C2923786DBB0005FB9D /* PersonalityTestTests.xctest */ = {isa = PBXFileReference; explicitFileType = wrapper.cfbundle; includeInIndex = 0; path = PersonalityTestTests.xctest; sourceTree = BUILT_PRODUCTS_DIR; };
		6C6E9C2D23786DBB0005FB9D /* PersonalityTestTests.swift */ = {isa = PBXFileReference; lastKnownFileType = sourcecode.swift; path = PersonalityTestTests.swift; sourceTree = "<group>"; };
		6C6E9C2F23786DBB0005FB9D /* Info.plist */ = {isa = PBXFileReference; lastKnownFileType = text.plist.xml; path = Info.plist; sourceTree = "<group>"; };
		6C6E9C3823786E4A0005FB9D /* questions.json */ = {isa = PBXFileReference; lastKnownFileType = text.json; path = questions.json; sourceTree = "<group>"; };
		6C6E9C3F23786FEB0005FB9D /* CategoriesResponse.swift */ = {isa = PBXFileReference; lastKnownFileType = sourcecode.swift; path = CategoriesResponse.swift; sourceTree = "<group>"; };
		6C6E9C44237870780005FB9D /* BundleExtension.swift */ = {isa = PBXFileReference; lastKnownFileType = sourcecode.swift; path = BundleExtension.swift; sourceTree = "<group>"; };
		6C6E9C46237873030005FB9D /* QuestionsRepo.swift */ = {isa = PBXFileReference; lastKnownFileType = sourcecode.swift; path = QuestionsRepo.swift; sourceTree = "<group>"; };
		6C6E9C482378752F0005FB9D /* QuestionsViewController.swift */ = {isa = PBXFileReference; lastKnownFileType = sourcecode.swift; path = QuestionsViewController.swift; sourceTree = "<group>"; };
		6C6E9C492378752F0005FB9D /* QuestionsViewController.xib */ = {isa = PBXFileReference; lastKnownFileType = file.xib; path = QuestionsViewController.xib; sourceTree = "<group>"; };
		6C6E9C4D2378779D0005FB9D /* Logger.swift */ = {isa = PBXFileReference; lastKnownFileType = sourcecode.swift; path = Logger.swift; sourceTree = "<group>"; };
		6C6E9C4F237877C10005FB9D /* TableViewExtension.swift */ = {isa = PBXFileReference; lastKnownFileType = sourcecode.swift; path = TableViewExtension.swift; sourceTree = "<group>"; };
		6C6E9C532378784A0005FB9D /* CategoriesViewController.swift */ = {isa = PBXFileReference; lastKnownFileType = sourcecode.swift; path = CategoriesViewController.swift; sourceTree = "<group>"; };
		6C6E9C542378784A0005FB9D /* CategoriesViewController.xib */ = {isa = PBXFileReference; lastKnownFileType = file.xib; path = CategoriesViewController.xib; sourceTree = "<group>"; };
		6C6E9C57237878C10005FB9D /* CategoriesViewModel.swift */ = {isa = PBXFileReference; lastKnownFileType = sourcecode.swift; path = CategoriesViewModel.swift; sourceTree = "<group>"; };
		6C6E9C5A23787B430005FB9D /* Destination.swift */ = {isa = PBXFileReference; lastKnownFileType = sourcecode.swift; path = Destination.swift; sourceTree = "<group>"; };
		6C6E9C5C23787B660005FB9D /* Navigator.swift */ = {isa = PBXFileReference; lastKnownFileType = sourcecode.swift; path = Navigator.swift; sourceTree = "<group>"; };
		6C6E9C5E23787FB20005FB9D /* CategoryTableCell.swift */ = {isa = PBXFileReference; lastKnownFileType = sourcecode.swift; path = CategoryTableCell.swift; sourceTree = "<group>"; };
		6C6E9C5F23787FB20005FB9D /* CategoryTableCell.xib */ = {isa = PBXFileReference; lastKnownFileType = file.xib; path = CategoryTableCell.xib; sourceTree = "<group>"; };
		6C6E9C62237880350005FB9D /* Loadable.swift */ = {isa = PBXFileReference; lastKnownFileType = sourcecode.swift; path = Loadable.swift; sourceTree = "<group>"; };
		6C6E9C642378823A0005FB9D /* Destination+Questions.swift */ = {isa = PBXFileReference; lastKnownFileType = sourcecode.swift; path = "Destination+Questions.swift"; sourceTree = "<group>"; };
		6C6E9C662378824C0005FB9D /* Destination+Categories.swift */ = {isa = PBXFileReference; lastKnownFileType = sourcecode.swift; path = "Destination+Categories.swift"; sourceTree = "<group>"; };
		9A1B6AD36A8BE63B8CC0F5C2 /* Pods-PersonalityTest.debug.xcconfig */ = {isa = PBXFileReference; includeInIndex = 1; lastKnownFileType = text.xcconfig; name = "Pods-PersonalityTest.debug.xcconfig"; path = "Target Support Files/Pods-PersonalityTest/Pods-PersonalityTest.debug.xcconfig"; sourceTree = "<group>"; };
		B58987F3C7E57C3997D5C9AA /* Pods_PersonalityTestTests.framework */ = {isa = PBXFileReference; explicitFileType = wrapper.framework; includeInIndex = 0; path = Pods_PersonalityTestTests.framework; sourceTree = BUILT_PRODUCTS_DIR; };
		BDF63BA1B7429E37DEB25FAB /* Pods-PersonalityTestTests.debug.xcconfig */ = {isa = PBXFileReference; includeInIndex = 1; lastKnownFileType = text.xcconfig; name = "Pods-PersonalityTestTests.debug.xcconfig"; path = "Target Support Files/Pods-PersonalityTestTests/Pods-PersonalityTestTests.debug.xcconfig"; sourceTree = "<group>"; };
		D4EB9BEBBA84037308582602 /* Pods-PersonalityTestTests.release.xcconfig */ = {isa = PBXFileReference; includeInIndex = 1; lastKnownFileType = text.xcconfig; name = "Pods-PersonalityTestTests.release.xcconfig"; path = "Target Support Files/Pods-PersonalityTestTests/Pods-PersonalityTestTests.release.xcconfig"; sourceTree = "<group>"; };
/* End PBXFileReference section */

/* Begin PBXFrameworksBuildPhase section */
		6C6E9C1023786DB80005FB9D /* Frameworks */ = {
			isa = PBXFrameworksBuildPhase;
			buildActionMask = 2147483647;
			files = (
				E4160C0A10407E5642FA5674 /* Pods_PersonalityTest.framework in Frameworks */,
			);
			runOnlyForDeploymentPostprocessing = 0;
		};
		6C6E9C2623786DBB0005FB9D /* Frameworks */ = {
			isa = PBXFrameworksBuildPhase;
			buildActionMask = 2147483647;
			files = (
				6AD905EA50E80A309504A35B /* Pods_PersonalityTestTests.framework in Frameworks */,
			);
			runOnlyForDeploymentPostprocessing = 0;
		};
/* End PBXFrameworksBuildPhase section */

/* Begin PBXGroup section */
		04BE93CF6808A0B1EAB99509 /* Frameworks */ = {
			isa = PBXGroup;
			children = (
				4732E5E9BFA7B5856E6AFD66 /* Pods_PersonalityTest.framework */,
				B58987F3C7E57C3997D5C9AA /* Pods_PersonalityTestTests.framework */,
			);
			name = Frameworks;
			sourceTree = "<group>";
		};
		6C6E9C0A23786DB80005FB9D = {
			isa = PBXGroup;
			children = (
				6C6E9C1523786DB80005FB9D /* PersonalityTest */,
				6C6E9C2C23786DBB0005FB9D /* PersonalityTestTests */,
				6C6E9C1423786DB80005FB9D /* Products */,
				CAB3E5B203FF3699416E2634 /* Pods */,
				04BE93CF6808A0B1EAB99509 /* Frameworks */,
			);
			sourceTree = "<group>";
		};
		6C6E9C1423786DB80005FB9D /* Products */ = {
			isa = PBXGroup;
			children = (
				6C6E9C1323786DB80005FB9D /* PersonalityTest.app */,
				6C6E9C2923786DBB0005FB9D /* PersonalityTestTests.xctest */,
			);
			name = Products;
			sourceTree = "<group>";
		};
		6C6E9C1523786DB80005FB9D /* PersonalityTest */ = {
			isa = PBXGroup;
			children = (
				6C6E9C41237870580005FB9D /* extensions */,
				6C6E9C3B23786F0C0005FB9D /* scenes */,
				6C6E9C3A23786F060005FB9D /* modules */,
				6C6E9C1623786DB80005FB9D /* AppDelegate.swift */,
				6C6E9C1A23786DB80005FB9D /* ViewController.swift */,
				6C6E9C1C23786DB80005FB9D /* Main.storyboard */,
				6C6E9C1F23786DBB0005FB9D /* Assets.xcassets */,
				6C6E9C2123786DBB0005FB9D /* LaunchScreen.storyboard */,
				6C6E9C2423786DBB0005FB9D /* Info.plist */,
				6C6E9C3823786E4A0005FB9D /* questions.json */,
			);
			path = PersonalityTest;
			sourceTree = "<group>";
		};
		6C6E9C2C23786DBB0005FB9D /* PersonalityTestTests */ = {
			isa = PBXGroup;
			children = (
				6C6E9C2D23786DBB0005FB9D /* PersonalityTestTests.swift */,
				6C6E9C2F23786DBB0005FB9D /* Info.plist */,
			);
			path = PersonalityTestTests;
			sourceTree = "<group>";
		};
		6C6E9C3A23786F060005FB9D /* modules */ = {
			isa = PBXGroup;
			children = (
				6C6E9C5923787B340005FB9D /* Navigation */,
			);
			path = modules;
			sourceTree = "<group>";
		};
		6C6E9C3B23786F0C0005FB9D /* scenes */ = {
			isa = PBXGroup;
			children = (
				6C6E9C522378781B0005FB9D /* categories */,
				6C6E9C51237878160005FB9D /* questions */,
			);
			path = scenes;
			sourceTree = "<group>";
		};
		6C6E9C41237870580005FB9D /* extensions */ = {
			isa = PBXGroup;
			children = (
				6C6E9C4C237877880005FB9D /* wrappers */,
				6C6E9C43237870690005FB9D /* swifter-swift */,
			);
			path = extensions;
			sourceTree = "<group>";
		};
		6C6E9C43237870690005FB9D /* swifter-swift */ = {
			isa = PBXGroup;
			children = (
				6C6E9C44237870780005FB9D /* BundleExtension.swift */,
				6C6E9C4F237877C10005FB9D /* TableViewExtension.swift */,
			);
			path = "swifter-swift";
			sourceTree = "<group>";
		};
		6C6E9C4C237877880005FB9D /* wrappers */ = {
			isa = PBXGroup;
			children = (
				6C6E9C4D2378779D0005FB9D /* Logger.swift */,
				6C6E9C62237880350005FB9D /* Loadable.swift */,
			);
			path = wrappers;
			sourceTree = "<group>";
		};
		6C6E9C51237878160005FB9D /* questions */ = {
			isa = PBXGroup;
			children = (
				6C6E9C482378752F0005FB9D /* QuestionsViewController.swift */,
				6C6E9C492378752F0005FB9D /* QuestionsViewController.xib */,
				6C6E9C642378823A0005FB9D /* Destination+Questions.swift */,
			);
			path = questions;
			sourceTree = "<group>";
		};
		6C6E9C522378781B0005FB9D /* categories */ = {
			isa = PBXGroup;
			children = (
				6C6E9C532378784A0005FB9D /* CategoriesViewController.swift */,
				6C6E9C542378784A0005FB9D /* CategoriesViewController.xib */,
				6C6E9C5E23787FB20005FB9D /* CategoryTableCell.swift */,
				6C6E9C5F23787FB20005FB9D /* CategoryTableCell.xib */,
				6C6E9C46237873030005FB9D /* QuestionsRepo.swift */,
				6C6E9C3F23786FEB0005FB9D /* CategoriesResponse.swift */,
				6C6E9C57237878C10005FB9D /* CategoriesViewModel.swift */,
				6C6E9C662378824C0005FB9D /* Destination+Categories.swift */,
			);
			path = categories;
			sourceTree = "<group>";
		};
		6C6E9C5923787B340005FB9D /* Navigation */ = {
			isa = PBXGroup;
			children = (
				6C6E9C5A23787B430005FB9D /* Destination.swift */,
				6C6E9C5C23787B660005FB9D /* Navigator.swift */,
			);
			path = Navigation;
			sourceTree = "<group>";
		};
		CAB3E5B203FF3699416E2634 /* Pods */ = {
			isa = PBXGroup;
			children = (
				9A1B6AD36A8BE63B8CC0F5C2 /* Pods-PersonalityTest.debug.xcconfig */,
				2DE8E7626C6CBD8B12FE265B /* Pods-PersonalityTest.release.xcconfig */,
				BDF63BA1B7429E37DEB25FAB /* Pods-PersonalityTestTests.debug.xcconfig */,
				D4EB9BEBBA84037308582602 /* Pods-PersonalityTestTests.release.xcconfig */,
			);
			path = Pods;
			sourceTree = "<group>";
		};
/* End PBXGroup section */

/* Begin PBXNativeTarget section */
		6C6E9C1223786DB80005FB9D /* PersonalityTest */ = {
			isa = PBXNativeTarget;
			buildConfigurationList = 6C6E9C3223786DBB0005FB9D /* Build configuration list for PBXNativeTarget "PersonalityTest" */;
			buildPhases = (
				2830D8841073E6D6411C686F /* [CP] Check Pods Manifest.lock */,
				6C6E9C0F23786DB80005FB9D /* Sources */,
				6C6E9C1023786DB80005FB9D /* Frameworks */,
				6C6E9C1123786DB80005FB9D /* Resources */,
				370D21D5AF6C866DAA3EDB67 /* [CP] Embed Pods Frameworks */,
			);
			buildRules = (
			);
			dependencies = (
			);
			name = PersonalityTest;
			productName = PersonalityTest;
			productReference = 6C6E9C1323786DB80005FB9D /* PersonalityTest.app */;
			productType = "com.apple.product-type.application";
		};
		6C6E9C2823786DBB0005FB9D /* PersonalityTestTests */ = {
			isa = PBXNativeTarget;
			buildConfigurationList = 6C6E9C3523786DBB0005FB9D /* Build configuration list for PBXNativeTarget "PersonalityTestTests" */;
			buildPhases = (
				95156904464BA53302B7C3FB /* [CP] Check Pods Manifest.lock */,
				6C6E9C2523786DBB0005FB9D /* Sources */,
				6C6E9C2623786DBB0005FB9D /* Frameworks */,
				6C6E9C2723786DBB0005FB9D /* Resources */,
				9748F2A5204304FB1EBF096C /* [CP] Embed Pods Frameworks */,
			);
			buildRules = (
			);
			dependencies = (
				6C6E9C2B23786DBB0005FB9D /* PBXTargetDependency */,
			);
			name = PersonalityTestTests;
			productName = PersonalityTestTests;
			productReference = 6C6E9C2923786DBB0005FB9D /* PersonalityTestTests.xctest */;
			productType = "com.apple.product-type.bundle.unit-test";
		};
/* End PBXNativeTarget section */

/* Begin PBXProject section */
		6C6E9C0B23786DB80005FB9D /* Project object */ = {
			isa = PBXProject;
			attributes = {
				LastSwiftUpdateCheck = 1110;
				LastUpgradeCheck = 1110;
				ORGANIZATIONNAME = abuzeid;
				TargetAttributes = {
					6C6E9C1223786DB80005FB9D = {
						CreatedOnToolsVersion = 11.1;
					};
					6C6E9C2823786DBB0005FB9D = {
						CreatedOnToolsVersion = 11.1;
						TestTargetID = 6C6E9C1223786DB80005FB9D;
					};
				};
			};
			buildConfigurationList = 6C6E9C0E23786DB80005FB9D /* Build configuration list for PBXProject "PersonalityTest" */;
			compatibilityVersion = "Xcode 9.3";
			developmentRegion = en;
			hasScannedForEncodings = 0;
			knownRegions = (
				en,
				Base,
			);
			mainGroup = 6C6E9C0A23786DB80005FB9D;
			productRefGroup = 6C6E9C1423786DB80005FB9D /* Products */;
			projectDirPath = "";
			projectRoot = "";
			targets = (
				6C6E9C1223786DB80005FB9D /* PersonalityTest */,
				6C6E9C2823786DBB0005FB9D /* PersonalityTestTests */,
			);
		};
/* End PBXProject section */

/* Begin PBXResourcesBuildPhase section */
		6C6E9C1123786DB80005FB9D /* Resources */ = {
			isa = PBXResourcesBuildPhase;
			buildActionMask = 2147483647;
			files = (
				6C6E9C562378784A0005FB9D /* CategoriesViewController.xib in Resources */,
				6C6E9C4B2378752F0005FB9D /* QuestionsViewController.xib in Resources */,
				6C6E9C3923786E4A0005FB9D /* questions.json in Resources */,
				6C6E9C2323786DBB0005FB9D /* LaunchScreen.storyboard in Resources */,
				6C6E9C2023786DBB0005FB9D /* Assets.xcassets in Resources */,
				6C6E9C6123787FB20005FB9D /* CategoryTableCell.xib in Resources */,
				6C6E9C1E23786DB80005FB9D /* Main.storyboard in Resources */,
			);
			runOnlyForDeploymentPostprocessing = 0;
		};
		6C6E9C2723786DBB0005FB9D /* Resources */ = {
			isa = PBXResourcesBuildPhase;
			buildActionMask = 2147483647;
			files = (
			);
			runOnlyForDeploymentPostprocessing = 0;
		};
/* End PBXResourcesBuildPhase section */

/* Begin PBXShellScriptBuildPhase section */
		2830D8841073E6D6411C686F /* [CP] Check Pods Manifest.lock */ = {
			isa = PBXShellScriptBuildPhase;
			buildActionMask = 2147483647;
			files = (
			);
			inputFileListPaths = (
			);
			inputPaths = (
				"${PODS_PODFILE_DIR_PATH}/Podfile.lock",
				"${PODS_ROOT}/Manifest.lock",
			);
			name = "[CP] Check Pods Manifest.lock";
			outputFileListPaths = (
			);
			outputPaths = (
				"$(DERIVED_FILE_DIR)/Pods-PersonalityTest-checkManifestLockResult.txt",
			);
			runOnlyForDeploymentPostprocessing = 0;
			shellPath = /bin/sh;
			shellScript = "diff \"${PODS_PODFILE_DIR_PATH}/Podfile.lock\" \"${PODS_ROOT}/Manifest.lock\" > /dev/null\nif [ $? != 0 ] ; then\n    # print error to STDERR\n    echo \"error: The sandbox is not in sync with the Podfile.lock. Run 'pod install' or update your CocoaPods installation.\" >&2\n    exit 1\nfi\n# This output is used by Xcode 'outputs' to avoid re-running this script phase.\necho \"SUCCESS\" > \"${SCRIPT_OUTPUT_FILE_0}\"\n";
			showEnvVarsInLog = 0;
		};
		370D21D5AF6C866DAA3EDB67 /* [CP] Embed Pods Frameworks */ = {
			isa = PBXShellScriptBuildPhase;
			buildActionMask = 2147483647;
			files = (
			);
			inputFileListPaths = (
				"${PODS_ROOT}/Target Support Files/Pods-PersonalityTest/Pods-PersonalityTest-frameworks-${CONFIGURATION}-input-files.xcfilelist",
			);
			name = "[CP] Embed Pods Frameworks";
			outputFileListPaths = (
				"${PODS_ROOT}/Target Support Files/Pods-PersonalityTest/Pods-PersonalityTest-frameworks-${CONFIGURATION}-output-files.xcfilelist",
			);
			runOnlyForDeploymentPostprocessing = 0;
			shellPath = /bin/sh;
			shellScript = "\"${PODS_ROOT}/Target Support Files/Pods-PersonalityTest/Pods-PersonalityTest-frameworks.sh\"\n";
			showEnvVarsInLog = 0;
		};
		95156904464BA53302B7C3FB /* [CP] Check Pods Manifest.lock */ = {
			isa = PBXShellScriptBuildPhase;
			buildActionMask = 2147483647;
			files = (
			);
			inputFileListPaths = (
			);
			inputPaths = (
				"${PODS_PODFILE_DIR_PATH}/Podfile.lock",
				"${PODS_ROOT}/Manifest.lock",
			);
			name = "[CP] Check Pods Manifest.lock";
			outputFileListPaths = (
			);
			outputPaths = (
				"$(DERIVED_FILE_DIR)/Pods-PersonalityTestTests-checkManifestLockResult.txt",
			);
			runOnlyForDeploymentPostprocessing = 0;
			shellPath = /bin/sh;
			shellScript = "diff \"${PODS_PODFILE_DIR_PATH}/Podfile.lock\" \"${PODS_ROOT}/Manifest.lock\" > /dev/null\nif [ $? != 0 ] ; then\n    # print error to STDERR\n    echo \"error: The sandbox is not in sync with the Podfile.lock. Run 'pod install' or update your CocoaPods installation.\" >&2\n    exit 1\nfi\n# This output is used by Xcode 'outputs' to avoid re-running this script phase.\necho \"SUCCESS\" > \"${SCRIPT_OUTPUT_FILE_0}\"\n";
			showEnvVarsInLog = 0;
		};
		9748F2A5204304FB1EBF096C /* [CP] Embed Pods Frameworks */ = {
			isa = PBXShellScriptBuildPhase;
			buildActionMask = 2147483647;
			files = (
			);
			inputFileListPaths = (
				"${PODS_ROOT}/Target Support Files/Pods-PersonalityTestTests/Pods-PersonalityTestTests-frameworks-${CONFIGURATION}-input-files.xcfilelist",
			);
			name = "[CP] Embed Pods Frameworks";
			outputFileListPaths = (
				"${PODS_ROOT}/Target Support Files/Pods-PersonalityTestTests/Pods-PersonalityTestTests-frameworks-${CONFIGURATION}-output-files.xcfilelist",
			);
			runOnlyForDeploymentPostprocessing = 0;
			shellPath = /bin/sh;
			shellScript = "\"${PODS_ROOT}/Target Support Files/Pods-PersonalityTestTests/Pods-PersonalityTestTests-frameworks.sh\"\n";
			showEnvVarsInLog = 0;
		};
/* End PBXShellScriptBuildPhase section */

/* Begin PBXSourcesBuildPhase section */
		6C6E9C0F23786DB80005FB9D /* Sources */ = {
			isa = PBXSourcesBuildPhase;
			buildActionMask = 2147483647;
			files = (
				6C6E9C50237877C10005FB9D /* TableViewExtension.swift in Sources */,
				6C6E9C63237880350005FB9D /* Loadable.swift in Sources */,
				6C6E9C45237870780005FB9D /* BundleExtension.swift in Sources */,
				6C6E9C652378823A0005FB9D /* Destination+Questions.swift in Sources */,
				6C6E9C5B23787B430005FB9D /* Destination.swift in Sources */,
				6C6E9C5D23787B660005FB9D /* Navigator.swift in Sources */,
				6C6E9C4A2378752F0005FB9D /* QuestionsViewController.swift in Sources */,
				6C6E9C47237873030005FB9D /* QuestionsRepo.swift in Sources */,
				6C6E9C1B23786DB80005FB9D /* ViewController.swift in Sources */,
				6C6E9C4023786FEB0005FB9D /* CategoriesResponse.swift in Sources */,
				6C6E9C672378824C0005FB9D /* Destination+Categories.swift in Sources */,
				6C6E9C1723786DB80005FB9D /* AppDelegate.swift in Sources */,
				6C6E9C6023787FB20005FB9D /* CategoryTableCell.swift in Sources */,
				6C6E9C552378784A0005FB9D /* CategoriesViewController.swift in Sources */,
				6C6E9C4E2378779D0005FB9D /* Logger.swift in Sources */,
				6C6E9C58237878C10005FB9D /* CategoriesViewModel.swift in Sources */,
			);
			runOnlyForDeploymentPostprocessing = 0;
		};
		6C6E9C2523786DBB0005FB9D /* Sources */ = {
			isa = PBXSourcesBuildPhase;
			buildActionMask = 2147483647;
			files = (
				6C6E9C2E23786DBB0005FB9D /* PersonalityTestTests.swift in Sources */,
			);
			runOnlyForDeploymentPostprocessing = 0;
		};
/* End PBXSourcesBuildPhase section */

/* Begin PBXTargetDependency section */
		6C6E9C2B23786DBB0005FB9D /* PBXTargetDependency */ = {
			isa = PBXTargetDependency;
			target = 6C6E9C1223786DB80005FB9D /* PersonalityTest */;
			targetProxy = 6C6E9C2A23786DBB0005FB9D /* PBXContainerItemProxy */;
		};
/* End PBXTargetDependency section */

/* Begin PBXVariantGroup section */
		6C6E9C1C23786DB80005FB9D /* Main.storyboard */ = {
			isa = PBXVariantGroup;
			children = (
				6C6E9C1D23786DB80005FB9D /* Base */,
			);
			name = Main.storyboard;
			sourceTree = "<group>";
		};
		6C6E9C2123786DBB0005FB9D /* LaunchScreen.storyboard */ = {
			isa = PBXVariantGroup;
			children = (
				6C6E9C2223786DBB0005FB9D /* Base */,
			);
			name = LaunchScreen.storyboard;
			sourceTree = "<group>";
		};
/* End PBXVariantGroup section */

/* Begin XCBuildConfiguration section */
		6C6E9C3023786DBB0005FB9D /* Debug */ = {
			isa = XCBuildConfiguration;
			buildSettings = {
				ALWAYS_SEARCH_USER_PATHS = NO;
				CLANG_ANALYZER_NONNULL = YES;
				CLANG_ANALYZER_NUMBER_OBJECT_CONVERSION = YES_AGGRESSIVE;
				CLANG_CXX_LANGUAGE_STANDARD = "gnu++14";
				CLANG_CXX_LIBRARY = "libc++";
				CLANG_ENABLE_MODULES = YES;
				CLANG_ENABLE_OBJC_ARC = YES;
				CLANG_ENABLE_OBJC_WEAK = YES;
				CLANG_WARN_BLOCK_CAPTURE_AUTORELEASING = YES;
				CLANG_WARN_BOOL_CONVERSION = YES;
				CLANG_WARN_COMMA = YES;
				CLANG_WARN_CONSTANT_CONVERSION = YES;
				CLANG_WARN_DEPRECATED_OBJC_IMPLEMENTATIONS = YES;
				CLANG_WARN_DIRECT_OBJC_ISA_USAGE = YES_ERROR;
				CLANG_WARN_DOCUMENTATION_COMMENTS = YES;
				CLANG_WARN_EMPTY_BODY = YES;
				CLANG_WARN_ENUM_CONVERSION = YES;
				CLANG_WARN_INFINITE_RECURSION = YES;
				CLANG_WARN_INT_CONVERSION = YES;
				CLANG_WARN_NON_LITERAL_NULL_CONVERSION = YES;
				CLANG_WARN_OBJC_IMPLICIT_RETAIN_SELF = YES;
				CLANG_WARN_OBJC_LITERAL_CONVERSION = YES;
				CLANG_WARN_OBJC_ROOT_CLASS = YES_ERROR;
				CLANG_WARN_RANGE_LOOP_ANALYSIS = YES;
				CLANG_WARN_STRICT_PROTOTYPES = YES;
				CLANG_WARN_SUSPICIOUS_MOVE = YES;
				CLANG_WARN_UNGUARDED_AVAILABILITY = YES_AGGRESSIVE;
				CLANG_WARN_UNREACHABLE_CODE = YES;
				CLANG_WARN__DUPLICATE_METHOD_MATCH = YES;
				COPY_PHASE_STRIP = NO;
				DEBUG_INFORMATION_FORMAT = dwarf;
				ENABLE_STRICT_OBJC_MSGSEND = YES;
				ENABLE_TESTABILITY = YES;
				GCC_C_LANGUAGE_STANDARD = gnu11;
				GCC_DYNAMIC_NO_PIC = NO;
				GCC_NO_COMMON_BLOCKS = YES;
				GCC_OPTIMIZATION_LEVEL = 0;
				GCC_PREPROCESSOR_DEFINITIONS = (
					"DEBUG=1",
					"$(inherited)",
				);
				GCC_WARN_64_TO_32_BIT_CONVERSION = YES;
				GCC_WARN_ABOUT_RETURN_TYPE = YES_ERROR;
				GCC_WARN_UNDECLARED_SELECTOR = YES;
				GCC_WARN_UNINITIALIZED_AUTOS = YES_AGGRESSIVE;
				GCC_WARN_UNUSED_FUNCTION = YES;
				GCC_WARN_UNUSED_VARIABLE = YES;
				IPHONEOS_DEPLOYMENT_TARGET = 13.1;
				MTL_ENABLE_DEBUG_INFO = INCLUDE_SOURCE;
				MTL_FAST_MATH = YES;
				ONLY_ACTIVE_ARCH = YES;
				SDKROOT = iphoneos;
				SWIFT_ACTIVE_COMPILATION_CONDITIONS = DEBUG;
				SWIFT_OPTIMIZATION_LEVEL = "-Onone";
			};
			name = Debug;
		};
		6C6E9C3123786DBB0005FB9D /* Release */ = {
			isa = XCBuildConfiguration;
			buildSettings = {
				ALWAYS_SEARCH_USER_PATHS = NO;
				CLANG_ANALYZER_NONNULL = YES;
				CLANG_ANALYZER_NUMBER_OBJECT_CONVERSION = YES_AGGRESSIVE;
				CLANG_CXX_LANGUAGE_STANDARD = "gnu++14";
				CLANG_CXX_LIBRARY = "libc++";
				CLANG_ENABLE_MODULES = YES;
				CLANG_ENABLE_OBJC_ARC = YES;
				CLANG_ENABLE_OBJC_WEAK = YES;
				CLANG_WARN_BLOCK_CAPTURE_AUTORELEASING = YES;
				CLANG_WARN_BOOL_CONVERSION = YES;
				CLANG_WARN_COMMA = YES;
				CLANG_WARN_CONSTANT_CONVERSION = YES;
				CLANG_WARN_DEPRECATED_OBJC_IMPLEMENTATIONS = YES;
				CLANG_WARN_DIRECT_OBJC_ISA_USAGE = YES_ERROR;
				CLANG_WARN_DOCUMENTATION_COMMENTS = YES;
				CLANG_WARN_EMPTY_BODY = YES;
				CLANG_WARN_ENUM_CONVERSION = YES;
				CLANG_WARN_INFINITE_RECURSION = YES;
				CLANG_WARN_INT_CONVERSION = YES;
				CLANG_WARN_NON_LITERAL_NULL_CONVERSION = YES;
				CLANG_WARN_OBJC_IMPLICIT_RETAIN_SELF = YES;
				CLANG_WARN_OBJC_LITERAL_CONVERSION = YES;
				CLANG_WARN_OBJC_ROOT_CLASS = YES_ERROR;
				CLANG_WARN_RANGE_LOOP_ANALYSIS = YES;
				CLANG_WARN_STRICT_PROTOTYPES = YES;
				CLANG_WARN_SUSPICIOUS_MOVE = YES;
				CLANG_WARN_UNGUARDED_AVAILABILITY = YES_AGGRESSIVE;
				CLANG_WARN_UNREACHABLE_CODE = YES;
				CLANG_WARN__DUPLICATE_METHOD_MATCH = YES;
				COPY_PHASE_STRIP = NO;
				DEBUG_INFORMATION_FORMAT = "dwarf-with-dsym";
				ENABLE_NS_ASSERTIONS = NO;
				ENABLE_STRICT_OBJC_MSGSEND = YES;
				GCC_C_LANGUAGE_STANDARD = gnu11;
				GCC_NO_COMMON_BLOCKS = YES;
				GCC_WARN_64_TO_32_BIT_CONVERSION = YES;
				GCC_WARN_ABOUT_RETURN_TYPE = YES_ERROR;
				GCC_WARN_UNDECLARED_SELECTOR = YES;
				GCC_WARN_UNINITIALIZED_AUTOS = YES_AGGRESSIVE;
				GCC_WARN_UNUSED_FUNCTION = YES;
				GCC_WARN_UNUSED_VARIABLE = YES;
				IPHONEOS_DEPLOYMENT_TARGET = 13.1;
				MTL_ENABLE_DEBUG_INFO = NO;
				MTL_FAST_MATH = YES;
				SDKROOT = iphoneos;
				SWIFT_COMPILATION_MODE = wholemodule;
				SWIFT_OPTIMIZATION_LEVEL = "-O";
				VALIDATE_PRODUCT = YES;
			};
			name = Release;
		};
		6C6E9C3323786DBB0005FB9D /* Debug */ = {
			isa = XCBuildConfiguration;
			baseConfigurationReference = 9A1B6AD36A8BE63B8CC0F5C2 /* Pods-PersonalityTest.debug.xcconfig */;
			buildSettings = {
				ASSETCATALOG_COMPILER_APPICON_NAME = AppIcon;
				CODE_SIGN_STYLE = Automatic;
				INFOPLIST_FILE = PersonalityTest/Info.plist;
				LD_RUNPATH_SEARCH_PATHS = (
					"$(inherited)",
					"@executable_path/Frameworks",
				);
				PRODUCT_BUNDLE_IDENTIFIER = abuzeid.PersonalityTest;
				PRODUCT_NAME = "$(TARGET_NAME)";
				SWIFT_VERSION = 5.0;
				TARGETED_DEVICE_FAMILY = "1,2";
			};
			name = Debug;
		};
		6C6E9C3423786DBB0005FB9D /* Release */ = {
			isa = XCBuildConfiguration;
			baseConfigurationReference = 2DE8E7626C6CBD8B12FE265B /* Pods-PersonalityTest.release.xcconfig */;
			buildSettings = {
				ASSETCATALOG_COMPILER_APPICON_NAME = AppIcon;
				CODE_SIGN_STYLE = Automatic;
				INFOPLIST_FILE = PersonalityTest/Info.plist;
				LD_RUNPATH_SEARCH_PATHS = (
					"$(inherited)",
					"@executable_path/Frameworks",
				);
				PRODUCT_BUNDLE_IDENTIFIER = abuzeid.PersonalityTest;
				PRODUCT_NAME = "$(TARGET_NAME)";
				SWIFT_VERSION = 5.0;
				TARGETED_DEVICE_FAMILY = "1,2";
			};
			name = Release;
		};
		6C6E9C3623786DBB0005FB9D /* Debug */ = {
			isa = XCBuildConfiguration;
			baseConfigurationReference = BDF63BA1B7429E37DEB25FAB /* Pods-PersonalityTestTests.debug.xcconfig */;
			buildSettings = {
				ALWAYS_EMBED_SWIFT_STANDARD_LIBRARIES = YES;
				BUNDLE_LOADER = "$(TEST_HOST)";
				CODE_SIGN_STYLE = Automatic;
				INFOPLIST_FILE = PersonalityTestTests/Info.plist;
				IPHONEOS_DEPLOYMENT_TARGET = 13.1;
				LD_RUNPATH_SEARCH_PATHS = (
					"$(inherited)",
					"@executable_path/Frameworks",
					"@loader_path/Frameworks",
				);
				PRODUCT_BUNDLE_IDENTIFIER = abuzeid.PersonalityTestTests;
				PRODUCT_NAME = "$(TARGET_NAME)";
				SWIFT_VERSION = 5.0;
				TARGETED_DEVICE_FAMILY = "1,2";
				TEST_HOST = "$(BUILT_PRODUCTS_DIR)/PersonalityTest.app/PersonalityTest";
			};
			name = Debug;
		};
		6C6E9C3723786DBB0005FB9D /* Release */ = {
			isa = XCBuildConfiguration;
			baseConfigurationReference = D4EB9BEBBA84037308582602 /* Pods-PersonalityTestTests.release.xcconfig */;
			buildSettings = {
				ALWAYS_EMBED_SWIFT_STANDARD_LIBRARIES = YES;
				BUNDLE_LOADER = "$(TEST_HOST)";
				CODE_SIGN_STYLE = Automatic;
				INFOPLIST_FILE = PersonalityTestTests/Info.plist;
				IPHONEOS_DEPLOYMENT_TARGET = 13.1;
				LD_RUNPATH_SEARCH_PATHS = (
					"$(inherited)",
					"@executable_path/Frameworks",
					"@loader_path/Frameworks",
				);
				PRODUCT_BUNDLE_IDENTIFIER = abuzeid.PersonalityTestTests;
				PRODUCT_NAME = "$(TARGET_NAME)";
				SWIFT_VERSION = 5.0;
				TARGETED_DEVICE_FAMILY = "1,2";
				TEST_HOST = "$(BUILT_PRODUCTS_DIR)/PersonalityTest.app/PersonalityTest";
			};
			name = Release;
		};
/* End XCBuildConfiguration section */

/* Begin XCConfigurationList section */
		6C6E9C0E23786DB80005FB9D /* Build configuration list for PBXProject "PersonalityTest" */ = {
			isa = XCConfigurationList;
			buildConfigurations = (
				6C6E9C3023786DBB0005FB9D /* Debug */,
				6C6E9C3123786DBB0005FB9D /* Release */,
			);
			defaultConfigurationIsVisible = 0;
			defaultConfigurationName = Release;
		};
		6C6E9C3223786DBB0005FB9D /* Build configuration list for PBXNativeTarget "PersonalityTest" */ = {
			isa = XCConfigurationList;
			buildConfigurations = (
				6C6E9C3323786DBB0005FB9D /* Debug */,
				6C6E9C3423786DBB0005FB9D /* Release */,
			);
			defaultConfigurationIsVisible = 0;
			defaultConfigurationName = Release;
		};
		6C6E9C3523786DBB0005FB9D /* Build configuration list for PBXNativeTarget "PersonalityTestTests" */ = {
			isa = XCConfigurationList;
			buildConfigurations = (
				6C6E9C3623786DBB0005FB9D /* Debug */,
				6C6E9C3723786DBB0005FB9D /* Release */,
			);
			defaultConfigurationIsVisible = 0;
			defaultConfigurationName = Release;
		};
/* End XCConfigurationList section */
	};
	rootObject = 6C6E9C0B23786DB80005FB9D /* Project object */;
}
